{
  "name": "canianimate",
  "version": "1.0.0",
  "lockfileVersion": 1,
  "requires": true,
  "dependencies": {
    "amdefine": {
      "version": "https://registry.npmjs.org/amdefine/-/amdefine-1.0.1.tgz",
      "integrity": "sha1-SlKCrBZHKek2Gbz9OtFR+BfOkfU=",
      "dev": true
    },
    "async": {
      "version": "https://registry.npmjs.org/async/-/async-0.2.10.tgz",
      "integrity": "sha1-trvgsGdLnXGXCMo43owjfLUmw9E=",
      "dev": true
    },
    "autoprefixer": {
      "version": "https://registry.npmjs.org/autoprefixer/-/autoprefixer-5.2.0.tgz",
      "integrity": "sha1-lK1cGUDArC+T82WRjrzDb4oGVJE=",
      "dev": true,
      "requires": {
        "autoprefixer-core": "https://registry.npmjs.org/autoprefixer-core/-/autoprefixer-core-5.2.1.tgz",
        "fs-extra": "https://registry.npmjs.org/fs-extra/-/fs-extra-0.18.4.tgz",
        "postcss": "https://registry.npmjs.org/postcss/-/postcss-4.1.16.tgz"
      },
      "dependencies": {
        "fs-extra": {
          "version": "https://registry.npmjs.org/fs-extra/-/fs-extra-0.18.4.tgz",
          "integrity": "sha1-fyBXUtbTlZyWdTPjRUAWGns43DY=",
          "dev": true,
          "requires": {
            "graceful-fs": "https://registry.npmjs.org/graceful-fs/-/graceful-fs-3.0.11.tgz",
            "jsonfile": "https://registry.npmjs.org/jsonfile/-/jsonfile-2.4.0.tgz",
            "rimraf": "https://registry.npmjs.org/rimraf/-/rimraf-2.6.0.tgz"
          }
        }
      }
    },
    "autoprefixer-core": {
      "version": "https://registry.npmjs.org/autoprefixer-core/-/autoprefixer-core-5.2.1.tgz",
      "integrity": "sha1-5kDEFK5Bmq4hwa1DyOoPPbgqVm0=",
      "dev": true,
      "requires": {
        "browserslist": "https://registry.npmjs.org/browserslist/-/browserslist-0.4.0.tgz",
        "caniuse-db": "https://registry.npmjs.org/caniuse-db/-/caniuse-db-1.0.30000624.tgz",
        "num2fraction": "https://registry.npmjs.org/num2fraction/-/num2fraction-1.2.2.tgz",
        "postcss": "https://registry.npmjs.org/postcss/-/postcss-4.1.16.tgz"
      }
    },
    "balanced-match": {
      "version": "https://registry.npmjs.org/balanced-match/-/balanced-match-0.4.2.tgz",
      "integrity": "sha1-yz8+PHMtwPAe5wtAPzAuYddwmDg=",
      "dev": true
    },
    "brace-expansion": {
      "version": "https://registry.npmjs.org/brace-expansion/-/brace-expansion-1.1.6.tgz",
      "integrity": "sha1-cZfX6qm4fmSDkOph/GbIRCdCDfk=",
      "dev": true,
      "requires": {
        "balanced-match": "https://registry.npmjs.org/balanced-match/-/balanced-match-0.4.2.tgz",
        "concat-map": "https://registry.npmjs.org/concat-map/-/concat-map-0.0.1.tgz"
      }
    },
    "browserslist": {
      "version": "https://registry.npmjs.org/browserslist/-/browserslist-0.4.0.tgz",
      "integrity": "sha1-O9SrkZncG5FQ1NbbpNnTqrvIbdQ=",
      "dev": true,
      "requires": {
        "caniuse-db": "https://registry.npmjs.org/caniuse-db/-/caniuse-db-1.0.30000624.tgz"
      }
    },
    "camel-case": {
      "version": "https://registry.npmjs.org/camel-case/-/camel-case-1.2.2.tgz",
      "integrity": "sha1-Gsp8TRlTWaLOmVV5NDPG5VQlEfI=",
      "dev": true,
      "requires": {
        "sentence-case": "https://registry.npmjs.org/sentence-case/-/sentence-case-1.1.3.tgz",
        "upper-case": "https://registry.npmjs.org/upper-case/-/upper-case-1.1.3.tgz"
      }
    },
    "camelcase": {
      "version": "https://registry.npmjs.org/camelcase/-/camelcase-1.2.1.tgz",
      "integrity": "sha1-m7UwTS4LVmmLLHWLCKPqqdqlijk=",
      "dev": true
    },
    "caniuse-db": {
      "version": "https://registry.npmjs.org/caniuse-db/-/caniuse-db-1.0.30000624.tgz",
      "integrity": "sha1-VUuHVHiV429f4Sj0t0SKLqW/IhM=",
      "dev": true
    },
    "change-case": {
      "version": "https://registry.npmjs.org/change-case/-/change-case-2.1.6.tgz",
      "integrity": "sha1-UUryBRMVimj+fwDf9MMy1sKY0vk=",
      "dev": true,
      "requires": {
        "camel-case": "https://registry.npmjs.org/camel-case/-/camel-case-1.2.2.tgz",
        "constant-case": "https://registry.npmjs.org/constant-case/-/constant-case-1.1.2.tgz",
        "dot-case": "https://registry.npmjs.org/dot-case/-/dot-case-1.1.2.tgz",
        "is-lower-case": "https://registry.npmjs.org/is-lower-case/-/is-lower-case-1.1.3.tgz",
        "is-upper-case": "https://registry.npmjs.org/is-upper-case/-/is-upper-case-1.1.2.tgz",
        "lower-case": "https://registry.npmjs.org/lower-case/-/lower-case-1.1.3.tgz",
        "param-case": "https://registry.npmjs.org/param-case/-/param-case-1.1.2.tgz",
        "pascal-case": "https://registry.npmjs.org/pascal-case/-/pascal-case-1.1.2.tgz",
        "path-case": "https://registry.npmjs.org/path-case/-/path-case-1.1.2.tgz",
        "sentence-case": "https://registry.npmjs.org/sentence-case/-/sentence-case-1.1.3.tgz",
        "snake-case": "https://registry.npmjs.org/snake-case/-/snake-case-1.1.2.tgz",
        "swap-case": "https://registry.npmjs.org/swap-case/-/swap-case-1.1.2.tgz",
        "title-case": "https://registry.npmjs.org/title-case/-/title-case-1.1.2.tgz",
        "upper-case": "https://registry.npmjs.org/upper-case/-/upper-case-1.1.3.tgz",
        "upper-case-first": "https://registry.npmjs.org/upper-case-first/-/upper-case-first-1.1.2.tgz"
      }
    },
    "clean-css": {
      "version": "https://registry.npmjs.org/clean-css/-/clean-css-2.2.23.tgz",
      "integrity": "sha1-BZC1R4tRbEkD7cLYm9P9vdKGMow=",
      "dev": true,
      "requires": {
        "commander": "https://registry.npmjs.org/commander/-/commander-2.2.0.tgz"
      }
    },
    "cli": {
      "version": "https://registry.npmjs.org/cli/-/cli-0.6.6.tgz",
      "integrity": "sha1-Aq1Eo4Cr8nraxebwzdewQ9dMU+M=",
      "dev": true,
      "requires": {
        "exit": "https://registry.npmjs.org/exit/-/exit-0.1.2.tgz",
        "glob": "https://registry.npmjs.org/glob/-/glob-3.2.11.tgz"
      },
      "dependencies": {
        "glob": {
          "version": "https://registry.npmjs.org/glob/-/glob-3.2.11.tgz",
          "integrity": "sha1-Spc/Y1uRkPcV0QmH1cAP0oFevj0=",
          "dev": true,
          "requires": {
            "inherits": "https://registry.npmjs.org/inherits/-/inherits-2.0.3.tgz",
            "minimatch": "https://registry.npmjs.org/minimatch/-/minimatch-0.3.0.tgz"
          }
        },
        "minimatch": {
          "version": "https://registry.npmjs.org/minimatch/-/minimatch-0.3.0.tgz",
          "integrity": "sha1-J12O2qxPG7MyZHIInnlJyDlGmd0=",
          "dev": true,
          "requires": {
            "lru-cache": "https://registry.npmjs.org/lru-cache/-/lru-cache-2.7.3.tgz",
            "sigmund": "https://registry.npmjs.org/sigmund/-/sigmund-1.0.1.tgz"
          }
        }
      }
    },
    "commander": {
      "version": "https://registry.npmjs.org/commander/-/commander-2.2.0.tgz",
      "integrity": "sha1-F1rUuTF/P/YV8gHB5XIk9Vo+kd8=",
      "dev": true
    },
    "concat-map": {
      "version": "https://registry.npmjs.org/concat-map/-/concat-map-0.0.1.tgz",
      "integrity": "sha1-2Klr13/Wjfd5OnMDajug1UBdR3s=",
      "dev": true
    },
    "constant-case": {
      "version": "https://registry.npmjs.org/constant-case/-/constant-case-1.1.2.tgz",
      "integrity": "sha1-jsLKW6ND4Aqjjb9OIA/VrJB+/WM=",
      "dev": true,
      "requires": {
        "snake-case": "https://registry.npmjs.org/snake-case/-/snake-case-1.1.2.tgz",
        "upper-case": "https://registry.npmjs.org/upper-case/-/upper-case-1.1.3.tgz"
      }
    },
    "css-animated-properties": {
      "version": "1.1.0",
      "resolved": "https://registry.npmjs.org/css-animated-properties/-/css-animated-properties-1.1.0.tgz",
      "integrity": "sha512-smXJuz5DHj0z1J/2OKCq6FeJgL9KlBBlzrgkjQzanu9lCBiUsByBHQeOUH5z9sC5xUByB6NYhj8Ttx4xEa9SoA==",
      "dev": true
    },
    "css-shorthand-properties": {
      "version": "1.1.0",
      "resolved": "https://registry.npmjs.org/css-shorthand-properties/-/css-shorthand-properties-1.1.0.tgz",
      "integrity": "sha512-0Pg/e2U0NgT6Chw1TUe3D2ZTOOO3JFzlDV+bN3hxR8T0RDjnwzmx5WhuYUA0GHYWlPYAYi2/Ac0e8oqgerHDQw==",
      "dev": true
    },
    "csso": {
      "version": "https://registry.npmjs.org/csso/-/csso-1.3.11.tgz",
      "integrity": "sha1-HymaslQ6g9TFrPya4EdjGGktbpA=",
      "dev": true
    },
    "decamelize": {
      "version": "https://registry.npmjs.org/decamelize/-/decamelize-1.2.0.tgz",
      "integrity": "sha1-9lNNFRSCabIDUue+4m9QH5oZEpA=",
      "dev": true
    },
    "dot-case": {
      "version": "https://registry.npmjs.org/dot-case/-/dot-case-1.1.2.tgz",
      "integrity": "sha1-HnOCaQDeKNbeVIC8HeMdCEKwa+w=",
      "dev": true,
      "requires": {
        "sentence-case": "https://registry.npmjs.org/sentence-case/-/sentence-case-1.1.3.tgz"
      }
    },
    "es6-promise": {
      "version": "https://registry.npmjs.org/es6-promise/-/es6-promise-2.3.0.tgz",
      "integrity": "sha1-lu258v2wGZWCKyY92KratnSBgbw=",
      "dev": true
    },
    "exit": {
      "version": "https://registry.npmjs.org/exit/-/exit-0.1.2.tgz",
      "integrity": "sha1-BjJjj42HfMghB9MKD/8aF8uhzQw=",
      "dev": true
    },
    "fs-extra": {
      "version": "https://registry.npmjs.org/fs-extra/-/fs-extra-0.16.5.tgz",
      "integrity": "sha1-GtZh+myGyWCM0bSe/G/Og0k5p1A=",
      "dev": true,
      "requires": {
        "graceful-fs": "https://registry.npmjs.org/graceful-fs/-/graceful-fs-3.0.11.tgz",
        "jsonfile": "https://registry.npmjs.org/jsonfile/-/jsonfile-2.4.0.tgz",
        "rimraf": "https://registry.npmjs.org/rimraf/-/rimraf-2.6.0.tgz"
      }
    },
    "fs.realpath": {
      "version": "https://registry.npmjs.org/fs.realpath/-/fs.realpath-1.0.0.tgz",
      "integrity": "sha1-FQStJSMVjKpA20onh8sBQRmU6k8=",
      "dev": true
    },
    "glob": {
      "version": "https://registry.npmjs.org/glob/-/glob-4.5.3.tgz",
      "integrity": "sha1-xstz0yJsHv7wTePFbQEvAzd+4V8=",
      "dev": true,
      "requires": {
        "inflight": "https://registry.npmjs.org/inflight/-/inflight-1.0.6.tgz",
        "inherits": "https://registry.npmjs.org/inherits/-/inherits-2.0.3.tgz",
        "minimatch": "https://registry.npmjs.org/minimatch/-/minimatch-2.0.10.tgz",
        "once": "https://registry.npmjs.org/once/-/once-1.4.0.tgz"
      },
      "dependencies": {
        "minimatch": {
          "version": "https://registry.npmjs.org/minimatch/-/minimatch-2.0.10.tgz",
          "integrity": "sha1-jQh8OcazjAAbl/ynzm0OHoCvusc=",
          "dev": true,
          "requires": {
            "brace-expansion": "https://registry.npmjs.org/brace-expansion/-/brace-expansion-1.1.6.tgz"
          }
        }
      }
    },
    "graceful-fs": {
      "version": "https://registry.npmjs.org/graceful-fs/-/graceful-fs-3.0.11.tgz",
      "integrity": "sha1-dhPHeKGv6mLyXGMKCG1/Osu92Bg=",
      "dev": true,
      "requires": {
        "natives": "https://registry.npmjs.org/natives/-/natives-1.1.0.tgz"
      }
    },
    "html-minifier": {
      "version": "https://registry.npmjs.org/html-minifier/-/html-minifier-0.6.9.tgz",
      "integrity": "sha1-UQXcI29efhqLplHUq5gThvx6vlM=",
      "dev": true,
      "requires": {
        "change-case": "https://registry.npmjs.org/change-case/-/change-case-2.1.6.tgz",
        "clean-css": "https://registry.npmjs.org/clean-css/-/clean-css-2.2.23.tgz",
        "cli": "https://registry.npmjs.org/cli/-/cli-0.6.6.tgz",
        "relateurl": "https://registry.npmjs.org/relateurl/-/relateurl-0.2.7.tgz",
        "uglify-js": "https://registry.npmjs.org/uglify-js/-/uglify-js-2.4.24.tgz"
      }
    },
    "inflight": {
      "version": "https://registry.npmjs.org/inflight/-/inflight-1.0.6.tgz",
      "integrity": "sha1-Sb1jMdfQLQwJvJEKEHW6gWW1bfk=",
      "dev": true,
      "requires": {
        "once": "https://registry.npmjs.org/once/-/once-1.4.0.tgz",
        "wrappy": "https://registry.npmjs.org/wrappy/-/wrappy-1.0.2.tgz"
      }
    },
    "inherits": {
      "version": "https://registry.npmjs.org/inherits/-/inherits-2.0.3.tgz",
      "integrity": "sha1-Yzwsg+PaQqUC9SRmAiSA9CCCYd4=",
      "dev": true
    },
    "inline-source": {
      "version": "https://registry.npmjs.org/inline-source/-/inline-source-1.3.0.tgz",
      "integrity": "sha1-mlfXOPonjfR2KOCxWPOrUAxvH8k=",
      "dev": true,
      "requires": {
        "csso": "https://registry.npmjs.org/csso/-/csso-1.3.11.tgz",
        "uglify-js": "https://registry.npmjs.org/uglify-js/-/uglify-js-2.4.16.tgz"
      },
      "dependencies": {
        "source-map": {
          "version": "https://registry.npmjs.org/source-map/-/source-map-0.1.34.tgz",
          "integrity": "sha1-p8/omux7FoLDsZjQrPtH19CQVms=",
          "dev": true,
          "requires": {
            "amdefine": "https://registry.npmjs.org/amdefine/-/amdefine-1.0.1.tgz"
          }
        },
        "uglify-js": {
          "version": "https://registry.npmjs.org/uglify-js/-/uglify-js-2.4.16.tgz",
          "integrity": "sha1-hBQ0h+tIDv19B4nH7PvUimlYOfk=",
          "dev": true,
          "requires": {
            "async": "https://registry.npmjs.org/async/-/async-0.2.10.tgz",
            "optimist": "https://registry.npmjs.org/optimist/-/optimist-0.3.7.tgz",
            "source-map": "https://registry.npmjs.org/source-map/-/source-map-0.1.34.tgz",
            "uglify-to-browserify": "https://registry.npmjs.org/uglify-to-browserify/-/uglify-to-browserify-1.0.2.tgz"
          }
        }
      }
    },
    "is-lower-case": {
      "version": "https://registry.npmjs.org/is-lower-case/-/is-lower-case-1.1.3.tgz",
      "integrity": "sha1-fhR75HaNxGbbO/shzGCzHmrWk5M=",
      "dev": true,
      "requires": {
        "lower-case": "https://registry.npmjs.org/lower-case/-/lower-case-1.1.3.tgz"
      }
    },
    "is-upper-case": {
      "version": "https://registry.npmjs.org/is-upper-case/-/is-upper-case-1.1.2.tgz",
      "integrity": "sha1-jQsfp+eTOh5YSDYA7H2WYcuvdW8=",
      "dev": true,
      "requires": {
        "upper-case": "https://registry.npmjs.org/upper-case/-/upper-case-1.1.3.tgz"
      }
    },
    "js-base64": {
      "version": "https://registry.npmjs.org/js-base64/-/js-base64-2.1.9.tgz",
      "integrity": "sha1-8OgK4DmkvWVLXygfyT8EqRSn/M4=",
      "dev": true
    },
    "jsonfile": {
      "version": "https://registry.npmjs.org/jsonfile/-/jsonfile-2.4.0.tgz",
      "integrity": "sha1-NzaitCi4e72gzIO1P6PWM6NcKug=",
      "dev": true,
      "requires": {
        "graceful-fs": "https://registry.npmjs.org/graceful-fs/-/graceful-fs-4.1.11.tgz"
      },
      "dependencies": {
        "graceful-fs": {
          "version": "https://registry.npmjs.org/graceful-fs/-/graceful-fs-4.1.11.tgz",
          "integrity": "sha1-Dovf5NHduIVNZOBOp8AOKgJuVlg=",
          "dev": true,
          "optional": true
        }
      }
    },
    "lower-case": {
      "version": "https://registry.npmjs.org/lower-case/-/lower-case-1.1.3.tgz",
      "integrity": "sha1-ySOT2XZ5Pu5bpO21g8+OrjW9m/s=",
      "dev": true
    },
    "lru-cache": {
      "version": "https://registry.npmjs.org/lru-cache/-/lru-cache-2.7.3.tgz",
      "integrity": "sha1-bUUk6LlV+V1PW1iFHOId1y+06VI=",
      "dev": true
    },
    "minimatch": {
      "version": "https://registry.npmjs.org/minimatch/-/minimatch-3.0.3.tgz",
      "integrity": "sha1-Kk5AkLlrLbBqnX3wEFWmKnfJt3Q=",
      "dev": true,
      "requires": {
        "brace-expansion": "https://registry.npmjs.org/brace-expansion/-/brace-expansion-1.1.6.tgz"
      }
    },
    "mustache": {
      "version": "https://registry.npmjs.org/mustache/-/mustache-1.2.0.tgz",
      "integrity": "sha1-bN7BywN5h5KpSPjMU61p2g0N1cg=",
      "dev": true
    },
    "natives": {
      "version": "https://registry.npmjs.org/natives/-/natives-1.1.0.tgz",
      "integrity": "sha1-6f+EFBimsux6SV6TmYT3jxY+bjE=",
      "dev": true
    },
    "num2fraction": {
      "version": "https://registry.npmjs.org/num2fraction/-/num2fraction-1.2.2.tgz",
      "integrity": "sha1-b2gragJ6Tp3fpFZM0lidHU5mnt4=",
      "dev": true
    },
    "once": {
      "version": "https://registry.npmjs.org/once/-/once-1.4.0.tgz",
      "integrity": "sha1-WDsap3WWHUsROsF9nFC6753Xa9E=",
      "dev": true,
      "requires": {
        "wrappy": "https://registry.npmjs.org/wrappy/-/wrappy-1.0.2.tgz"
      }
    },
    "optimist": {
      "version": "https://registry.npmjs.org/optimist/-/optimist-0.3.7.tgz",
      "integrity": "sha1-yQlBrVnkJzMokjB00s8ufLxuwNk=",
      "dev": true,
      "requires": {
        "wordwrap": "https://registry.npmjs.org/wordwrap/-/wordwrap-0.0.2.tgz"
      }
    },
    "param-case": {
      "version": "https://registry.npmjs.org/param-case/-/param-case-1.1.2.tgz",
      "integrity": "sha1-3LCRpDwlm5Io8cNB57akTqC/l0M=",
      "dev": true,
      "requires": {
        "sentence-case": "https://registry.npmjs.org/sentence-case/-/sentence-case-1.1.3.tgz"
      }
    },
    "pascal-case": {
      "version": "https://registry.npmjs.org/pascal-case/-/pascal-case-1.1.2.tgz",
      "integrity": "sha1-Pl1kogBDgwp8STRMLXS0G+DJyZs=",
      "dev": true,
      "requires": {
        "camel-case": "https://registry.npmjs.org/camel-case/-/camel-case-1.2.2.tgz",
        "upper-case-first": "https://registry.npmjs.org/upper-case-first/-/upper-case-first-1.1.2.tgz"
      }
    },
    "path-case": {
      "version": "https://registry.npmjs.org/path-case/-/path-case-1.1.2.tgz",
      "integrity": "sha1-UM5roNO+090LXCqcRVNpdDRAlRQ=",
      "dev": true,
      "requires": {
        "sentence-case": "https://registry.npmjs.org/sentence-case/-/sentence-case-1.1.3.tgz"
      }
    },
    "path-is-absolute": {
      "version": "https://registry.npmjs.org/path-is-absolute/-/path-is-absolute-1.0.1.tgz",
      "integrity": "sha1-F0uSaHNVNP+8es5r9TpanhtcX18=",
      "dev": true
    },
    "postcss": {
      "version": "https://registry.npmjs.org/postcss/-/postcss-4.1.16.tgz",
      "integrity": "sha1-TESbTIr53zyvbTf44eV10DYXWNw=",
      "dev": true,
      "requires": {
        "es6-promise": "https://registry.npmjs.org/es6-promise/-/es6-promise-2.3.0.tgz",
        "js-base64": "https://registry.npmjs.org/js-base64/-/js-base64-2.1.9.tgz",
        "source-map": "https://registry.npmjs.org/source-map/-/source-map-0.4.4.tgz"
      }
    },
    "relateurl": {
      "version": "https://registry.npmjs.org/relateurl/-/relateurl-0.2.7.tgz",
      "integrity": "sha1-VNvzd+UUQKypCkzSdGANP/LYiKk=",
      "dev": true
    },
    "rimraf": {
      "version": "https://registry.npmjs.org/rimraf/-/rimraf-2.6.0.tgz",
      "integrity": "sha1-ibig/kMrn/nsmpJaALbNs6kbuto=",
      "dev": true,
      "requires": {
        "glob": "https://registry.npmjs.org/glob/-/glob-7.1.1.tgz"
      },
      "dependencies": {
        "glob": {
          "version": "https://registry.npmjs.org/glob/-/glob-7.1.1.tgz",
          "integrity": "sha1-gFIR3wT6rxxjo2ADBs31reULLsg=",
          "dev": true,
          "requires": {
            "fs.realpath": "https://registry.npmjs.org/fs.realpath/-/fs.realpath-1.0.0.tgz",
            "inflight": "https://registry.npmjs.org/inflight/-/inflight-1.0.6.tgz",
            "inherits": "https://registry.npmjs.org/inherits/-/inherits-2.0.3.tgz",
            "minimatch": "https://registry.npmjs.org/minimatch/-/minimatch-3.0.3.tgz",
            "once": "https://registry.npmjs.org/once/-/once-1.4.0.tgz",
            "path-is-absolute": "https://registry.npmjs.org/path-is-absolute/-/path-is-absolute-1.0.1.tgz"
          }
        }
      }
    },
    "sentence-case": {
      "version": "https://registry.npmjs.org/sentence-case/-/sentence-case-1.1.3.tgz",
      "integrity": "sha1-gDSq/CFFdy06vhUJqkLJ4QQtwTk=",
      "dev": true,
      "requires": {
        "lower-case": "https://registry.npmjs.org/lower-case/-/lower-case-1.1.3.tgz"
      }
    },
    "sigmund": {
      "version": "https://registry.npmjs.org/sigmund/-/sigmund-1.0.1.tgz",
      "integrity": "sha1-P/IfGYytIXX587eBhT/ZTQ0ZtZA=",
      "dev": true
    },
    "snake-case": {
      "version": "https://registry.npmjs.org/snake-case/-/snake-case-1.1.2.tgz",
      "integrity": "sha1-DC8l4wUVjZoY09l3BmGH/vilpmo=",
      "dev": true,
      "requires": {
        "sentence-case": "https://registry.npmjs.org/sentence-case/-/sentence-case-1.1.3.tgz"
      }
    },
    "source-map": {
      "version": "https://registry.npmjs.org/source-map/-/source-map-0.4.4.tgz",
      "integrity": "sha1-66T12pwNyZneaAMti092FzZSA2s=",
      "dev": true,
      "requires": {
        "amdefine": "https://registry.npmjs.org/amdefine/-/amdefine-1.0.1.tgz"
      }
    },
    "swap-case": {
      "version": "https://registry.npmjs.org/swap-case/-/swap-case-1.1.2.tgz",
      "integrity": "sha1-w5IDpFhzhfrTyFCgvRvK+ggZdOM=",
      "dev": true,
      "requires": {
        "lower-case": "https://registry.npmjs.org/lower-case/-/lower-case-1.1.3.tgz",
        "upper-case": "https://registry.npmjs.org/upper-case/-/upper-case-1.1.3.tgz"
      }
    },
    "title-case": {
      "version": "https://registry.npmjs.org/title-case/-/title-case-1.1.2.tgz",
      "integrity": "sha1-+uSmrlRr+iLQg6DuqRCkDRLtT1o=",
      "dev": true,
      "requires": {
        "sentence-case": "https://registry.npmjs.org/sentence-case/-/sentence-case-1.1.3.tgz",
        "upper-case": "https://registry.npmjs.org/upper-case/-/upper-case-1.1.3.tgz"
      }
    },
    "uglify-js": {
      "version": "https://registry.npmjs.org/uglify-js/-/uglify-js-2.4.24.tgz",
      "integrity": "sha1-+tV1XB4Vd2WLsG/5q25UjJW+vW4=",
      "dev": true,
      "requires": {
        "async": "https://registry.npmjs.org/async/-/async-0.2.10.tgz",
        "source-map": "https://registry.npmjs.org/source-map/-/source-map-0.1.34.tgz",
        "uglify-to-browserify": "https://registry.npmjs.org/uglify-to-browserify/-/uglify-to-browserify-1.0.2.tgz",
        "yargs": "https://registry.npmjs.org/yargs/-/yargs-3.5.4.tgz"
      },
      "dependencies": {
        "source-map": {
          "version": "https://registry.npmjs.org/source-map/-/source-map-0.1.34.tgz",
          "integrity": "sha1-p8/omux7FoLDsZjQrPtH19CQVms=",
          "dev": true,
          "requires": {
            "amdefine": "https://registry.npmjs.org/amdefine/-/amdefine-1.0.1.tgz"
          }
        }
      }
    },
    "uglify-to-browserify": {
      "version": "https://registry.npmjs.org/uglify-to-browserify/-/uglify-to-browserify-1.0.2.tgz",
      "integrity": "sha1-bgkk1r2mta/jSeOabWMoUKD4grc=",
      "dev": true
    },
    "upper-case": {
      "version": "https://registry.npmjs.org/upper-case/-/upper-case-1.1.3.tgz",
      "integrity": "sha1-9rRQHC7EzdJrp4vnIilh3ndiFZg=",
      "dev": true
    },
    "upper-case-first": {
      "version": "https://registry.npmjs.org/upper-case-first/-/upper-case-first-1.1.2.tgz",
      "integrity": "sha1-XXm+3P8UQZUY/S7bCgUHybaFkRU=",
      "dev": true,
      "requires": {
        "upper-case": "https://registry.npmjs.org/upper-case/-/upper-case-1.1.3.tgz"
      }
    },
    "window-size": {
      "version": "https://registry.npmjs.org/window-size/-/window-size-0.1.0.tgz",
      "integrity": "sha1-VDjNLqk7IC76Ohn+iIeu58lPnJ0=",
      "dev": true
    },
    "wordwrap": {
      "version": "https://registry.npmjs.org/wordwrap/-/wordwrap-0.0.2.tgz",
      "integrity": "sha1-t5Zpu0LstAn4PVg8rVLKF+qhZD8=",
      "dev": true
    },
    "wrappy": {
      "version": "https://registry.npmjs.org/wrappy/-/wrappy-1.0.2.tgz",
      "integrity": "sha1-tSQ9jz7BqjXxNkYFvA0QNuMKtp8=",
      "dev": true
    },
    "yargs": {
      "version": "https://registry.npmjs.org/yargs/-/yargs-3.5.4.tgz",
      "integrity": "sha1-2K/49mXpTDS9JZvevRv68N3TU2E=",
      "dev": true,
      "requires": {
        "camelcase": "https://registry.npmjs.org/camelcase/-/camelcase-1.2.1.tgz",
        "decamelize": "https://registry.npmjs.org/decamelize/-/decamelize-1.2.0.tgz",
        "window-size": "https://registry.npmjs.org/window-size/-/window-size-0.1.0.tgz",
        "wordwrap": "https://registry.npmjs.org/wordwrap/-/wordwrap-0.0.2.tgz"
      }
    }
  }
}
